// !$*UTF8*$!
{
	archiveVersion = 1;
	classes = {
	};
	objectVersion = 46;
	objects = {

/* Begin PBXBuildFile section */
		3F28B8DF1CA1C81000EF5F4E /* AppDelegate.swift in Sources */ = {isa = PBXBuildFile; fileRef = 3F28B8DE1CA1C81000EF5F4E /* AppDelegate.swift */; };
		3F28B8E11CA1C81000EF5F4E /* ViewController.swift in Sources */ = {isa = PBXBuildFile; fileRef = 3F28B8E01CA1C81000EF5F4E /* ViewController.swift */; };
		3F28B8E41CA1C81000EF5F4E /* Main.storyboard in Resources */ = {isa = PBXBuildFile; fileRef = 3F28B8E21CA1C81000EF5F4E /* Main.storyboard */; };
		3F28B8E71CA1C81000EF5F4E /* Shopper.xcdatamodeld in Sources */ = {isa = PBXBuildFile; fileRef = 3F28B8E51CA1C81000EF5F4E /* Shopper.xcdatamodeld */; };
		3F28B8E91CA1C81000EF5F4E /* Assets.xcassets in Resources */ = {isa = PBXBuildFile; fileRef = 3F28B8E81CA1C81000EF5F4E /* Assets.xcassets */; };
		3F28B8EC1CA1C81000EF5F4E /* LaunchScreen.storyboard in Resources */ = {isa = PBXBuildFile; fileRef = 3F28B8EA1CA1C81000EF5F4E /* LaunchScreen.storyboard */; };
		3F28B8F41CA1C98D00EF5F4E /* ShopperTableViewController.swift in Sources */ = {isa = PBXBuildFile; fileRef = 3F28B8F31CA1C98D00EF5F4E /* ShopperTableViewController.swift */; };
		3F28B8F91CA1CCB400EF5F4E /* ShoppingList+CoreDataProperties.swift in Sources */ = {isa = PBXBuildFile; fileRef = 3F28B8F51CA1CCB400EF5F4E /* ShoppingList+CoreDataProperties.swift */; };
		3F28B8FA1CA1CCB400EF5F4E /* ShoppingList.swift in Sources */ = {isa = PBXBuildFile; fileRef = 3F28B8F61CA1CCB400EF5F4E /* ShoppingList.swift */; };
		3F28B8FB1CA1CCB400EF5F4E /* ShoppingListItem+CoreDataProperties.swift in Sources */ = {isa = PBXBuildFile; fileRef = 3F28B8F71CA1CCB400EF5F4E /* ShoppingListItem+CoreDataProperties.swift */; };
		3F28B8FC1CA1CCB400EF5F4E /* ShoppingListItem.swift in Sources */ = {isa = PBXBuildFile; fileRef = 3F28B8F81CA1CCB400EF5F4E /* ShoppingListItem.swift */; };
/* End PBXBuildFile section */

/* Begin PBXFileReference section */
		3F28B8DB1CA1C81000EF5F4E /* Shopper.app */ = {isa = PBXFileReference; explicitFileType = wrapper.application; includeInIndex = 0; path = Shopper.app; sourceTree = BUILT_PRODUCTS_DIR; };
		3F28B8DE1CA1C81000EF5F4E /* AppDelegate.swift */ = {isa = PBXFileReference; lastKnownFileType = sourcecode.swift; path = AppDelegate.swift; sourceTree = "<group>"; };
		3F28B8E01CA1C81000EF5F4E /* ViewController.swift */ = {isa = PBXFileReference; lastKnownFileType = sourcecode.swift; path = ViewController.swift; sourceTree = "<group>"; };
		3F28B8E31CA1C81000EF5F4E /* Base */ = {isa = PBXFileReference; lastKnownFileType = file.storyboard; name = Base; path = Base.lproj/Main.storyboard; sourceTree = "<group>"; };
		3F28B8E61CA1C81000EF5F4E /* Shopper.xcdatamodel */ = {isa = PBXFileReference; lastKnownFileType = wrapper.xcdatamodel; path = Shopper.xcdatamodel; sourceTree = "<group>"; };
		3F28B8E81CA1C81000EF5F4E /* Assets.xcassets */ = {isa = PBXFileReference; lastKnownFileType = folder.assetcatalog; path = Assets.xcassets; sourceTree = "<group>"; };
		3F28B8EB1CA1C81000EF5F4E /* Base */ = {isa = PBXFileReference; lastKnownFileType = file.storyboard; name = Base; path = Base.lproj/LaunchScreen.storyboard; sourceTree = "<group>"; };
		3F28B8ED1CA1C81000EF5F4E /* Info.plist */ = {isa = PBXFileReference; lastKnownFileType = text.plist.xml; path = Info.plist; sourceTree = "<group>"; };
		3F28B8F31CA1C98D00EF5F4E /* ShopperTableViewController.swift */ = {isa = PBXFileReference; fileEncoding = 4; lastKnownFileType = sourcecode.swift; path = ShopperTableViewController.swift; sourceTree = "<group>"; };
		3F28B8F51CA1CCB400EF5F4E /* ShoppingList+CoreDataProperties.swift */ = {isa = PBXFileReference; fileEncoding = 4; lastKnownFileType = sourcecode.swift; path = "ShoppingList+CoreDataProperties.swift"; sourceTree = "<group>"; };
		3F28B8F61CA1CCB400EF5F4E /* ShoppingList.swift */ = {isa = PBXFileReference; fileEncoding = 4; lastKnownFileType = sourcecode.swift; path = ShoppingList.swift; sourceTree = "<group>"; };
		3F28B8F71CA1CCB400EF5F4E /* ShoppingListItem+CoreDataProperties.swift */ = {isa = PBXFileReference; fileEncoding = 4; lastKnownFileType = sourcecode.swift; path = "ShoppingListItem+CoreDataProperties.swift"; sourceTree = "<group>"; };
		3F28B8F81CA1CCB400EF5F4E /* ShoppingListItem.swift */ = {isa = PBXFileReference; fileEncoding = 4; lastKnownFileType = sourcecode.swift; path = ShoppingListItem.swift; sourceTree = "<group>"; };
/* End PBXFileReference section */

/* Begin PBXFrameworksBuildPhase section */
		3F28B8D81CA1C81000EF5F4E /* Frameworks */ = {
			isa = PBXFrameworksBuildPhase;
			buildActionMask = 2147483647;
			files = (
			);
			runOnlyForDeploymentPostprocessing = 0;
		};
/* End PBXFrameworksBuildPhase section */

/* Begin PBXGroup section */
		3F28B8D21CA1C81000EF5F4E = {
			isa = PBXGroup;
			children = (
				3F28B8DD1CA1C81000EF5F4E /* Shopper */,
				3F28B8DC1CA1C81000EF5F4E /* Products */,
			);
			sourceTree = "<group>";
		};
		3F28B8DC1CA1C81000EF5F4E /* Products */ = {
			isa = PBXGroup;
			children = (
				3F28B8DB1CA1C81000EF5F4E /* Shopper.app */,
			);
			name = Products;
			sourceTree = "<group>";
		};
		3F28B8DD1CA1C81000EF5F4E /* Shopper */ = {
			isa = PBXGroup;
			children = (
				3F28B8F51CA1CCB400EF5F4E /* ShoppingList+CoreDataProperties.swift */,
				3F28B8F61CA1CCB400EF5F4E /* ShoppingList.swift */,
				3F28B8F71CA1CCB400EF5F4E /* ShoppingListItem+CoreDataProperties.swift */,
				3F28B8F81CA1CCB400EF5F4E /* ShoppingListItem.swift */,
				3F28B8DE1CA1C81000EF5F4E /* AppDelegate.swift */,
				3F28B8E01CA1C81000EF5F4E /* ViewController.swift */,
				3F28B8E21CA1C81000EF5F4E /* Main.storyboard */,
				3F28B8F31CA1C98D00EF5F4E /* ShopperTableViewController.swift */,
				3F28B8E81CA1C81000EF5F4E /* Assets.xcassets */,
				3F28B8EA1CA1C81000EF5F4E /* LaunchScreen.storyboard */,
				3F28B8ED1CA1C81000EF5F4E /* Info.plist */,
				3F28B8E51CA1C81000EF5F4E /* Shopper.xcdatamodeld */,
			);
			path = Shopper;
			sourceTree = "<group>";
		};
/* End PBXGroup section */

/* Begin PBXNativeTarget section */
		3F28B8DA1CA1C81000EF5F4E /* Shopper */ = {
			isa = PBXNativeTarget;
			buildConfigurationList = 3F28B8F01CA1C81000EF5F4E /* Build configuration list for PBXNativeTarget "Shopper" */;
			buildPhases = (
				3F28B8D71CA1C81000EF5F4E /* Sources */,
				3F28B8D81CA1C81000EF5F4E /* Frameworks */,
				3F28B8D91CA1C81000EF5F4E /* Resources */,
			);
			buildRules = (
			);
			dependencies = (
			);
			name = Shopper;
			productName = Shopper;
			productReference = 3F28B8DB1CA1C81000EF5F4E /* Shopper.app */;
			productType = "com.apple.product-type.application";
		};
/* End PBXNativeTarget section */

/* Begin PBXProject section */
		3F28B8D31CA1C81000EF5F4E /* Project object */ = {
			isa = PBXProject;
			attributes = {
				LastSwiftUpdateCheck = 0720;
				LastUpgradeCheck = 0720;
				ORGANIZATIONNAME = "Computer Programming";
				TargetAttributes = {
					3F28B8DA1CA1C81000EF5F4E = {
						CreatedOnToolsVersion = 7.2;
					};
				};
			};
			buildConfigurationList = 3F28B8D61CA1C81000EF5F4E /* Build configuration list for PBXProject "Shopper" */;
			compatibilityVersion = "Xcode 3.2";
			developmentRegion = English;
			hasScannedForEncodings = 0;
			knownRegions = (
				en,
				Base,
			);
			mainGroup = 3F28B8D21CA1C81000EF5F4E;
			productRefGroup = 3F28B8DC1CA1C81000EF5F4E /* Products */;
			projectDirPath = "";
			projectRoot = "";
			targets = (
				3F28B8DA1CA1C81000EF5F4E /* Shopper */,
			);
		};
/* End PBXProject section */

/* Begin PBXResourcesBuildPhase section */
		3F28B8D91CA1C81000EF5F4E /* Resources */ = {
			isa = PBXResourcesBuildPhase;
			buildActionMask = 2147483647;
			files = (
				3F28B8EC1CA1C81000EF5F4E /* LaunchScreen.storyboard in Resources */,
				3F28B8E91CA1C81000EF5F4E /* Assets.xcassets in Resources */,
				3F28B8E41CA1C81000EF5F4E /* Main.storyboard in Resources */,
			);
			runOnlyForDeploymentPostprocessing = 0;
		};
/* End PBXResourcesBuildPhase section */

/* Begin PBXSourcesBuildPhase section */
		3F28B8D71CA1C81000EF5F4E /* Sources */ = {
			isa = PBXSourcesBuildPhase;
			buildActionMask = 2147483647;
			files = (
				3F28B8E11CA1C81000EF5F4E /* ViewController.swift in Sources */,
				3F28B8FA1CA1CCB400EF5F4E /* ShoppingList.swift in Sources */,
				3F28B8DF1CA1C81000EF5F4E /* AppDelegate.swift in Sources */,
				3F28B8F91CA1CCB400EF5F4E /* ShoppingList+CoreDataProperties.swift in Sources */,
				3F28B8FC1CA1CCB400EF5F4E /* ShoppingListItem.swift in Sources */,
				3F28B8F41CA1C98D00EF5F4E /* ShopperTableViewController.swift in Sources */,
				3F28B8E71CA1C81000EF5F4E /* Shopper.xcdatamodeld in Sources */,
				3F28B8FB1CA1CCB400EF5F4E /* ShoppingListItem+CoreDataProperties.swift in Sources */,
			);
			runOnlyForDeploymentPostprocessing = 0;
		};
/* End PBXSourcesBuildPhase section */

/* Begin PBXVariantGroup section */
		3F28B8E21CA1C81000EF5F4E /* Main.storyboard */ = {
			isa = PBXVariantGroup;
			children = (
				3F28B8E31CA1C81000EF5F4E /* Base */,
			);
			name = Main.storyboard;
			sourceTree = "<group>";
		};
		3F28B8EA1CA1C81000EF5F4E /* LaunchScreen.storyboard */ = {
			isa = PBXVariantGroup;
			children = (
				3F28B8EB1CA1C81000EF5F4E /* Base */,
			);
			name = LaunchScreen.storyboard;
			sourceTree = "<group>";
		};
/* End PBXVariantGroup section */

/* Begin XCBuildConfiguration section */
		3F28B8EE1CA1C81000EF5F4E /* Debug */ = {
			isa = XCBuildConfiguration;
			buildSettings = {
				ALWAYS_SEARCH_USER_PATHS = NO;
				CLANG_CXX_LANGUAGE_STANDARD = "gnu++0x";
				CLANG_CXX_LIBRARY = "libc++";
				CLANG_ENABLE_MODULES = YES;
				CLANG_ENABLE_OBJC_ARC = YES;
				CLANG_WARN_BOOL_CONVERSION = YES;
				CLANG_WARN_CONSTANT_CONVERSION = YES;
				CLANG_WARN_DIRECT_OBJC_ISA_USAGE = YES_ERROR;
				CLANG_WARN_EMPTY_BODY = YES;
				CLANG_WARN_ENUM_CONVERSION = YES;
				CLANG_WARN_INT_CONVERSION = YES;
				CLANG_WARN_OBJC_ROOT_CLASS = YES_ERROR;
				CLANG_WARN_UNREACHABLE_CODE = YES;
				CLANG_WARN__DUPLICATE_METHOD_MATCH = YES;
				"CODE_SIGN_IDENTITY[sdk=iphoneos*]" = "iPhone Developer";
				COPY_PHASE_STRIP = NO;
				DEBUG_INFORMATION_FORMAT = dwarf;
				ENABLE_STRICT_OBJC_MSGSEND = YES;
				ENABLE_TESTABILITY = YES;
				GCC_C_LANGUAGE_STANDARD = gnu99;
				GCC_DYNAMIC_NO_PIC = NO;
				GCC_NO_COMMON_BLOCKS = YES;
				GCC_OPTIMIZATION_LEVEL = 0;
				GCC_PREPROCESSOR_DEFINITIONS = (
					"DEBUG=1",
					"$(inherited)",
				);
				GCC_WARN_64_TO_32_BIT_CONVERSION = YES;
				GCC_WARN_ABOUT_RETURN_TYPE = YES_ERROR;
				GCC_WARN_UNDECLARED_SELECTOR = YES;
				GCC_WARN_UNINITIALIZED_AUTOS = YES_AGGRESSIVE;
				GCC_WARN_UNUSED_FUNCTION = YES;
				GCC_WARN_UNUSED_VARIABLE = YES;
				IPHONEOS_DEPLOYMENT_TARGET = 9.2;
				MTL_ENABLE_DEBUG_INFO = YES;
				ONLY_ACTIVE_ARCH = YES;
				SDKROOT = iphoneos;
				SWIFT_OPTIMIZATION_LEVEL = "-Onone";
			};
			name = Debug;
		};
		3F28B8EF1CA1C81000EF5F4E /* Release */ = {
			isa = XCBuildConfiguration;
			buildSettings = {
				ALWAYS_SEARCH_USER_PATHS = NO;
				CLANG_CXX_LANGUAGE_STANDARD = "gnu++0x";
				CLANG_CXX_LIBRARY = "libc++";
				CLANG_ENABLE_MODULES = YES;
				CLANG_ENABLE_OBJC_ARC = YES;
				CLANG_WARN_BOOL_CONVERSION = YES;
				CLANG_WARN_CONSTANT_CONVERSION = YES;
				CLANG_WARN_DIRECT_OBJC_ISA_USAGE = YES_ERROR;
				CLANG_WARN_EMPTY_BODY = YES;
				CLANG_WARN_ENUM_CONVERSION = YES;
				CLANG_WARN_INT_CONVERSION = YES;
				CLANG_WARN_OBJC_ROOT_CLASS = YES_ERROR;
				CLANG_WARN_UNREACHABLE_CODE = YES;
				CLANG_WARN__DUPLICATE_METHOD_MATCH = YES;
				"CODE_SIGN_IDENTITY[sdk=iphoneos*]" = "iPhone Developer";
				COPY_PHASE_STRIP = NO;
				DEBUG_INFORMATION_FORMAT = "dwarf-with-dsym";
				ENABLE_NS_ASSERTIONS = NO;
				ENABLE_STRICT_OBJC_MSGSEND = YES;
				GCC_C_LANGUAGE_STANDARD = gnu99;
				GCC_NO_COMMON_BLOCKS = YES;
				GCC_WARN_64_TO_32_BIT_CONVERSION = YES;
				GCC_WARN_ABOUT_RETURN_TYPE = YES_ERROR;
				GCC_WARN_UNDECLARED_SELECTOR = YES;
				GCC_WARN_UNINITIALIZED_AUTOS = YES_AGGRESSIVE;
				GCC_WARN_UNUSED_FUNCTION = YES;
				GCC_WARN_UNUSED_VARIABLE = YES;
				IPHONEOS_DEPLOYMENT_TARGET = 9.2;
				MTL_ENABLE_DEBUG_INFO = NO;
				SDKROOT = iphoneos;
				VALIDATE_PRODUCT = YES;
			};
			name = Release;
		};
		3F28B8F11CA1C81000EF5F4E /* Debug */ = {
			isa = XCBuildConfiguration;
			buildSettings = {
				ASSETCATALOG_COMPILER_APPICON_NAME = AppIcon;
				INFOPLIST_FILE = Shopper/Info.plist;
				LD_RUNPATH_SEARCH_PATHS = "$(inherited) @executable_path/Frameworks";
				PRODUCT_BUNDLE_IDENTIFIER = EmilyJordynBelkoff.com.Shopper;
				PRODUCT_NAME = "$(TARGET_NAME)";
			};
			name = Debug;
		};
		3F28B8F21CA1C81000EF5F4E /* Release */ = {
			isa = XCBuildConfiguration;
			buildSettings = {
				ASSETCATALOG_COMPILER_APPICON_NAME = AppIcon;
				INFOPLIST_FILE = Shopper/Info.plist;
				LD_RUNPATH_SEARCH_PATHS = "$(inherited) @executable_path/Frameworks";
				PRODUCT_BUNDLE_IDENTIFIER = EmilyJordynBelkoff.com.Shopper;
				PRODUCT_NAME = "$(TARGET_NAME)";
			};
			name = Release;
		};
/* End XCBuildConfiguration section */

/* Begin XCConfigurationList section */
		3F28B8D61CA1C81000EF5F4E /* Build configuration list for PBXProject "Shopper" */ = {
			isa = XCConfigurationList;
			buildConfigurations = (
				3F28B8EE1CA1C81000EF5F4E /* Debug */,
				3F28B8EF1CA1C81000EF5F4E /* Release */,
			);
			defaultConfigurationIsVisible = 0;
			defaultConfigurationName = Release;
		};
		3F28B8F01CA1C81000EF5F4E /* Build configuration list for PBXNativeTarget "Shopper" */ = {
			isa = XCConfigurationList;
			buildConfigurations = (
				3F28B8F11CA1C81000EF5F4E /* Debug */,
				3F28B8F21CA1C81000EF5F4E /* Release */,
			);
			defaultConfigurationIsVisible = 0;
			defaultConfigurationName = Release;
		};
/* End XCConfigurationList section */

/* Begin XCVersionGroup section */
		3F28B8E51CA1C81000EF5F4E /* Shopper.xcdatamodeld */ = {
			isa = XCVersionGroup;
			children = (
				3F28B8E61CA1C81000EF5F4E /* Shopper.xcdatamodel */,
			);
			currentVersion = 3F28B8E61CA1C81000EF5F4E /* Shopper.xcdatamodel */;
			path = Shopper.xcdatamodeld;
			sourceTree = "<group>";
			versionGroupType = wrapper.xcdatamodel;
		};
/* End XCVersionGroup section */
	};
	rootObject = 3F28B8D31CA1C81000EF5F4E /* Project object */;
}
